{
  "originHash": "2b6d335272326468abc2114223e2ce9f2cf9645d68fa4e525733ecbf43f90359",
  "pins": [
    {
      "identity": "swiftsoup",
      "kind": "remoteSourceControl",
      "location": "https://github.com/scinfu/SwiftSoup.git",
      "state": {
        "revision": "c1f3348d1845302b8e99b1c0787d9417ffa11053",
        "version": "2.11.2"
      }
    }
  ],
  "version": 3
}
