// !$*UTF8*$!
{
	archiveVersion = 1;
	classes = {
	};
	objectVersion = 77;
	objects = {

/* Begin PBXBuildFile section */
		37C6E7002D845D820042F8EA /* privacy-policy.md in Resources */ = {isa = PBXBuildFile; fileRef = 37C6E6FF2D845D7E0042F8EA /* privacy-policy.md */; };
		37D708152D84384800707EBC /* Swiss News Watch App.app in Embed Watch Content */ = {isa = PBXBuildFile; fileRef = 37D708142D84384800707EBC /* Swiss News Watch App.app */; settings = {ATTRIBUTES = (RemoveHeadersOnCopy, ); }; };
		37D708F82D8439CD00707EBC /* SwiftSoup in Frameworks */ = {isa = PBXBuildFile; productRef = 37D708F72D8439CD00707EBC /* SwiftSoup */; };
/* End PBXBuildFile section */

/* Begin PBXContainerItemProxy section */
		37D708162D84384800707EBC /* PBXContainerItemProxy */ = {
			isa = PBXContainerItemProxy;
			containerPortal = 37D708082D84384800707EBC /* Project object */;
			proxyType = 1;
			remoteGlobalIDString = 37D708132D84384800707EBC;
			remoteInfo = "Swiss News Watch App";
		};
		37D708272D84384900707EBC /* PBXContainerItemProxy */ = {
			isa = PBXContainerItemProxy;
			containerPortal = 37D708082D84384800707EBC /* Project object */;
			proxyType = 1;
			remoteGlobalIDString = 37D708132D84384800707EBC;
			remoteInfo = "Swiss News Watch App";
		};
		37D708312D84384900707EBC /* PBXContainerItemProxy */ = {
			isa = PBXContainerItemProxy;
			containerPortal = 37D708082D84384800707EBC /* Project object */;
			proxyType = 1;
			remoteGlobalIDString = 37D708132D84384800707EBC;
			remoteInfo = "Swiss News Watch App";
		};
/* End PBXContainerItemProxy section */

/* Begin PBXCopyFilesBuildPhase section */
		37D7083D2D84384900707EBC /* Embed Watch Content */ = {
			isa = PBXCopyFilesBuildPhase;
			buildActionMask = 2147483647;
			dstPath = "$(CONTENTS_FOLDER_PATH)/Watch";
			dstSubfolderSpec = 16;
			files = (
				37D708152D84384800707EBC /* Swiss News Watch App.app in Embed Watch Content */,
			);
			name = "Embed Watch Content";
			runOnlyForDeploymentPostprocessing = 0;
		};
/* End PBXCopyFilesBuildPhase section */

/* Begin PBXFileReference section */
		37C6E6FF2D845D7E0042F8EA /* privacy-policy.md */ = {isa = PBXFileReference; lastKnownFileType = net.daringfireball.markdown; path = "privacy-policy.md"; sourceTree = "<group>"; };
		37D7080E2D84384800707EBC /* Swiss News.app */ = {isa = PBXFileReference; explicitFileType = wrapper.application; includeInIndex = 0; path = "Swiss News.app"; sourceTree = BUILT_PRODUCTS_DIR; };
		37D708142D84384800707EBC /* Swiss News Watch App.app */ = {isa = PBXFileReference; explicitFileType = wrapper.application; includeInIndex = 0; path = "Swiss News Watch App.app"; sourceTree = BUILT_PRODUCTS_DIR; };
		37D708262D84384900707EBC /* Swiss News Watch AppTests.xctest */ = {isa = PBXFileReference; explicitFileType = wrapper.cfbundle; includeInIndex = 0; path = "Swiss News Watch AppTests.xctest"; sourceTree = BUILT_PRODUCTS_DIR; };
		37D708302D84384900707EBC /* Swiss News Watch AppUITests.xctest */ = {isa = PBXFileReference; explicitFileType = wrapper.cfbundle; includeInIndex = 0; path = "Swiss News Watch AppUITests.xctest"; sourceTree = BUILT_PRODUCTS_DIR; };
/* End PBXFileReference section */

/* Begin PBXFileSystemSynchronizedRootGroup section */
		37D708182D84384800707EBC /* Swiss News Watch App */ = {
			isa = PBXFileSystemSynchronizedRootGroup;
			path = "Swiss News Watch App";
			sourceTree = "<group>";
		};
		37D708292D84384900707EBC /* Swiss News Watch AppTests */ = {
			isa = PBXFileSystemSynchronizedRootGroup;
			path = "Swiss News Watch AppTests";
			sourceTree = "<group>";
		};
		37D708332D84384900707EBC /* Swiss News Watch AppUITests */ = {
			isa = PBXFileSystemSynchronizedRootGroup;
			path = "Swiss News Watch AppUITests";
			sourceTree = "<group>";
		};
/* End PBXFileSystemSynchronizedRootGroup section */

/* Begin PBXFrameworksBuildPhase section */
		37D708112D84384800707EBC /* Frameworks */ = {
			isa = PBXFrameworksBuildPhase;
			buildActionMask = 2147483647;
			files = (
				37D708F82D8439CD00707EBC /* SwiftSoup in Frameworks */,
			);
			runOnlyForDeploymentPostprocessing = 0;
		};
		37D708232D84384900707EBC /* Frameworks */ = {
			isa = PBXFrameworksBuildPhase;
			buildActionMask = 2147483647;
			files = (
			);
			runOnlyForDeploymentPostprocessing = 0;
		};
		37D7082D2D84384900707EBC /* Frameworks */ = {
			isa = PBXFrameworksBuildPhase;
			buildActionMask = 2147483647;
			files = (
			);
			runOnlyForDeploymentPostprocessing = 0;
		};
/* End PBXFrameworksBuildPhase section */

/* Begin PBXGroup section */
		37D708072D84384800707EBC = {
			isa = PBXGroup;
			children = (
				37C6E6FF2D845D7E0042F8EA /* privacy-policy.md */,
				37D708182D84384800707EBC /* Swiss News Watch App */,
				37D708292D84384900707EBC /* Swiss News Watch AppTests */,
				37D708332D84384900707EBC /* Swiss News Watch AppUITests */,
				37D708F62D8439CD00707EBC /* Frameworks */,
				37D7080F2D84384800707EBC /* Products */,
			);
			sourceTree = "<group>";
		};
		37D7080F2D84384800707EBC /* Products */ = {
			isa = PBXGroup;
			children = (
				37D7080E2D84384800707EBC /* Swiss News.app */,
				37D708142D84384800707EBC /* Swiss News Watch App.app */,
				37D708262D84384900707EBC /* Swiss News Watch AppTests.xctest */,
				37D708302D84384900707EBC /* Swiss News Watch AppUITests.xctest */,
			);
			name = Products;
			sourceTree = "<group>";
		};
		37D708F62D8439CD00707EBC /* Frameworks */ = {
			isa = PBXGroup;
			children = (
			);
			name = Frameworks;
			sourceTree = "<group>";
		};
/* End PBXGroup section */

/* Begin PBXNativeTarget section */
		37D7080D2D84384800707EBC /* Swiss News */ = {
			isa = PBXNativeTarget;
			buildConfigurationList = 37D7083E2D84384900707EBC /* Build configuration list for PBXNativeTarget "Swiss News" */;
			buildPhases = (
				37D7080C2D84384800707EBC /* Resources */,
				37D7083D2D84384900707EBC /* Embed Watch Content */,
				372B1AA32EFE96F7004E3FED /* Set Build Number */,
			);
			buildRules = (
			);
			dependencies = (
				37D708172D84384800707EBC /* PBXTargetDependency */,
			);
			name = "Swiss News";
			packageProductDependencies = (
			);
			productName = "Swiss News";
			productReference = 37D7080E2D84384800707EBC /* Swiss News.app */;
			productType = "com.apple.product-type.application.watchapp2-container";
		};
		37D708132D84384800707EBC /* Swiss News Watch App */ = {
			isa = PBXNativeTarget;
			buildConfigurationList = 37D7083A2D84384900707EBC /* Build configuration list for PBXNativeTarget "Swiss News Watch App" */;
			buildPhases = (
				37D708102D84384800707EBC /* Sources */,
				37D708112D84384800707EBC /* Frameworks */,
				37D708122D84384800707EBC /* Resources */,
			);
			buildRules = (
			);
			dependencies = (
			);
			fileSystemSynchronizedGroups = (
				37D708182D84384800707EBC /* Swiss News Watch App */,
			);
			name = "Swiss News Watch App";
			packageProductDependencies = (
				37D708F72D8439CD00707EBC /* SwiftSoup */,
			);
			productName = "Swiss News Watch App";
			productReference = 37D708142D84384800707EBC /* Swiss News Watch App.app */;
			productType = "com.apple.product-type.application";
		};
		37D708252D84384900707EBC /* Swiss News Watch AppTests */ = {
			isa = PBXNativeTarget;
			buildConfigurationList = 37D708412D84384900707EBC /* Build configuration list for PBXNativeTarget "Swiss News Watch AppTests" */;
			buildPhases = (
				37D708222D84384900707EBC /* Sources */,
				37D708232D84384900707EBC /* Frameworks */,
				37D708242D84384900707EBC /* Resources */,
			);
			buildRules = (
			);
			dependencies = (
				37D708282D84384900707EBC /* PBXTargetDependency */,
			);
			fileSystemSynchronizedGroups = (
				37D708292D84384900707EBC /* Swiss News Watch AppTests */,
			);
			name = "Swiss News Watch AppTests";
			packageProductDependencies = (
			);
			productName = "Swiss News Watch AppTests";
			productReference = 37D708262D84384900707EBC /* Swiss News Watch AppTests.xctest */;
			productType = "com.apple.product-type.bundle.unit-test";
		};
		37D7082F2D84384900707EBC /* Swiss News Watch AppUITests */ = {
			isa = PBXNativeTarget;
			buildConfigurationList = 37D708442D84384900707EBC /* Build configuration list for PBXNativeTarget "Swiss News Watch AppUITests" */;
			buildPhases = (
				37D7082C2D84384900707EBC /* Sources */,
				37D7082D2D84384900707EBC /* Frameworks */,
				37D7082E2D84384900707EBC /* Resources */,
			);
			buildRules = (
			);
			dependencies = (
				37D708322D84384900707EBC /* PBXTargetDependency */,
			);
			fileSystemSynchronizedGroups = (
				37D708332D84384900707EBC /* Swiss News Watch AppUITests */,
			);
			name = "Swiss News Watch AppUITests";
			packageProductDependencies = (
			);
			productName = "Swiss News Watch AppUITests";
			productReference = 37D708302D84384900707EBC /* Swiss News Watch AppUITests.xctest */;
			productType = "com.apple.product-type.bundle.ui-testing";
		};
/* End PBXNativeTarget section */

/* Begin PBXProject section */
		37D708082D84384800707EBC /* Project object */ = {
			isa = PBXProject;
			attributes = {
				BuildIndependentTargetsInParallel = 1;
				LastSwiftUpdateCheck = 1620;
				LastUpgradeCheck = 1620;
				TargetAttributes = {
					37D7080D2D84384800707EBC = {
						CreatedOnToolsVersion = 16.2;
					};
					37D708132D84384800707EBC = {
						CreatedOnToolsVersion = 16.2;
					};
					37D708252D84384900707EBC = {
						CreatedOnToolsVersion = 16.2;
						TestTargetID = 37D708132D84384800707EBC;
					};
					37D7082F2D84384900707EBC = {
						CreatedOnToolsVersion = 16.2;
						TestTargetID = 37D708132D84384800707EBC;
					};
				};
			};
			buildConfigurationList = 37D7080B2D84384800707EBC /* Build configuration list for PBXProject "Swiss News" */;
			developmentRegion = de;
			hasScannedForEncodings = 0;
			knownRegions = (
				de,
				en,
				fr,
				it,
				Base,
			);
			mainGroup = 37D708072D84384800707EBC;
			minimizedProjectReferenceProxies = 1;
			packageReferences = (
				37D708F52D84393200707EBC /* XCRemoteSwiftPackageReference "SwiftSoup" */,
			);
			preferredProjectObjectVersion = 77;
			productRefGroup = 37D7080F2D84384800707EBC /* Products */;
			projectDirPath = "";
			projectRoot = "";
			targets = (
				37D7080D2D84384800707EBC /* Swiss News */,
				37D708132D84384800707EBC /* Swiss News Watch App */,
				37D708252D84384900707EBC /* Swiss News Watch AppTests */,
				37D7082F2D84384900707EBC /* Swiss News Watch AppUITests */,
			);
		};
/* End PBXProject section */

/* Begin PBXResourcesBuildPhase section */
		37D7080C2D84384800707EBC /* Resources */ = {
			isa = PBXResourcesBuildPhase;
			buildActionMask = 2147483647;
			files = (
			);
			runOnlyForDeploymentPostprocessing = 0;
		};
		37D708122D84384800707EBC /* Resources */ = {
			isa = PBXResourcesBuildPhase;
			buildActionMask = 2147483647;
			files = (
				37C6E7002D845D820042F8EA /* privacy-policy.md in Resources */,
			);
			runOnlyForDeploymentPostprocessing = 0;
		};
		37D708242D84384900707EBC /* Resources */ = {
			isa = PBXResourcesBuildPhase;
			buildActionMask = 2147483647;
			files = (
			);
			runOnlyForDeploymentPostprocessing = 0;
		};
		37D7082E2D84384900707EBC /* Resources */ = {
			isa = PBXResourcesBuildPhase;
			buildActionMask = 2147483647;
			files = (
			);
			runOnlyForDeploymentPostprocessing = 0;
		};
/* End PBXResourcesBuildPhase section */

/* Begin PBXShellScriptBuildPhase section */
		372B1AA32EFE96F7004E3FED /* Set Build Number */ = {
			isa = PBXShellScriptBuildPhase;
			alwaysOutOfDate = 1;
			buildActionMask = 2147483647;
			files = (
			);
			inputFileListPaths = (
			);
			inputPaths = (
			);
			name = "Set Build Number";
			outputFileListPaths = (
			);
			outputPaths = (
			);
			runOnlyForDeploymentPostprocessing = 0;
			shellPath = /bin/sh;
			shellScript = "#!/bin/sh\n\necho \"=== Updating build number to YYYY.MM.DD.HHMM timestamp ===\"\n\n# Generate your desired readable format\nTIMESTAMP=$(date \"+%Y%m%d%H%M\")  # e.g., 2025.12.26.1430\n\n# Explicitly set the project root directory (replace \"Swiss News.xcodeproj\" if your project name differs)\nPROJECT_ROOT=\"$(dirname \"$(dirname \"$SCRIPT_INPUT_FILE_0\")\")\"  # Robust way to get project root\n# Alternative if above fails: PROJECT_ROOT=\"${SRCROOT}\"\n\ncd \"$PROJECT_ROOT\"\n\necho \"Changed to directory: $(pwd)\"\n\n# Update Current Project Version\nxcrun agvtool new-version \"$TIMESTAMP\"\n\necho \"Successfully set Current Project Version to $TIMESTAMP\"\n\n# Verify\nCURRENT=$(xcrun agvtool what-version | grep \"Current version\" | awk '{print $NF}')\necho \"Verified build number: $CURRENT\"\n\n# Force Xcode to reload the changed project file\ntouch \"Swiss News.xcodeproj/project.pbxproj\"\n\necho \"Touched project file to force reload\"\n\necho \"=== Done ===\"\n";
		};
/* End PBXShellScriptBuildPhase section */

/* Begin PBXSourcesBuildPhase section */
		37D708102D84384800707EBC /* Sources */ = {
			isa = PBXSourcesBuildPhase;
			buildActionMask = 2147483647;
			files = (
			);
			runOnlyForDeploymentPostprocessing = 0;
		};
		37D708222D84384900707EBC /* Sources */ = {
			isa = PBXSourcesBuildPhase;
			buildActionMask = 2147483647;
			files = (
			);
			runOnlyForDeploymentPostprocessing = 0;
		};
		37D7082C2D84384900707EBC /* Sources */ = {
			isa = PBXSourcesBuildPhase;
			buildActionMask = 2147483647;
			files = (
			);
			runOnlyForDeploymentPostprocessing = 0;
		};
/* End PBXSourcesBuildPhase section */

/* Begin PBXTargetDependency section */
		37D708172D84384800707EBC /* PBXTargetDependency */ = {
			isa = PBXTargetDependency;
			target = 37D708132D84384800707EBC /* Swiss News Watch App */;
			targetProxy = 37D708162D84384800707EBC /* PBXContainerItemProxy */;
		};
		37D708282D84384900707EBC /* PBXTargetDependency */ = {
			isa = PBXTargetDependency;
			target = 37D708132D84384800707EBC /* Swiss News Watch App */;
			targetProxy = 37D708272D84384900707EBC /* PBXContainerItemProxy */;
		};
		37D708322D84384900707EBC /* PBXTargetDependency */ = {
			isa = PBXTargetDependency;
			target = 37D708132D84384800707EBC /* Swiss News Watch App */;
			targetProxy = 37D708312D84384900707EBC /* PBXContainerItemProxy */;
		};
/* End PBXTargetDependency section */

/* Begin XCBuildConfiguration section */
		37D708382D84384900707EBC /* Debug */ = {
			isa = XCBuildConfiguration;
			buildSettings = {
				ALWAYS_SEARCH_USER_PATHS = NO;
				ASSETCATALOG_COMPILER_GENERATE_SWIFT_ASSET_SYMBOL_EXTENSIONS = YES;
				CLANG_ANALYZER_LOCALIZABILITY_NONLOCALIZED = YES;
				CLANG_ANALYZER_NONNULL = YES;
				CLANG_ANALYZER_NUMBER_OBJECT_CONVERSION = YES_AGGRESSIVE;
				CLANG_CXX_LANGUAGE_STANDARD = "gnu++20";
				CLANG_ENABLE_MODULES = YES;
				CLANG_ENABLE_OBJC_ARC = YES;
				CLANG_ENABLE_OBJC_WEAK = YES;
				CLANG_WARN_BLOCK_CAPTURE_AUTORELEASING = YES;
				CLANG_WARN_BOOL_CONVERSION = YES;
				CLANG_WARN_COMMA = YES;
				CLANG_WARN_CONSTANT_CONVERSION = YES;
				CLANG_WARN_DEPRECATED_OBJC_IMPLEMENTATIONS = YES;
				CLANG_WARN_DIRECT_OBJC_ISA_USAGE = YES_ERROR;
				CLANG_WARN_DOCUMENTATION_COMMENTS = YES;
				CLANG_WARN_EMPTY_BODY = YES;
				CLANG_WARN_ENUM_CONVERSION = YES;
				CLANG_WARN_INFINITE_RECURSION = YES;
				CLANG_WARN_INT_CONVERSION = YES;
				CLANG_WARN_NON_LITERAL_NULL_CONVERSION = YES;
				CLANG_WARN_OBJC_IMPLICIT_RETAIN_SELF = YES;
				CLANG_WARN_OBJC_LITERAL_CONVERSION = YES;
				CLANG_WARN_OBJC_ROOT_CLASS = YES_ERROR;
				CLANG_WARN_QUOTED_INCLUDE_IN_FRAMEWORK_HEADER = YES;
				CLANG_WARN_RANGE_LOOP_ANALYSIS = YES;
				CLANG_WARN_STRICT_PROTOTYPES = YES;
				CLANG_WARN_SUSPICIOUS_MOVE = YES;
				CLANG_WARN_UNGUARDED_AVAILABILITY = YES_AGGRESSIVE;
				CLANG_WARN_UNREACHABLE_CODE = YES;
				CLANG_WARN__DUPLICATE_METHOD_MATCH = YES;
				COPY_PHASE_STRIP = NO;
				DEAD_CODE_STRIPPING = YES;
				DEBUG_INFORMATION_FORMAT = dwarf;
				DEVELOPMENT_TEAM = PZ2HQ4532Q;
				ENABLE_STRICT_OBJC_MSGSEND = YES;
				ENABLE_TESTABILITY = YES;
				ENABLE_USER_SCRIPT_SANDBOXING = YES;
				GCC_C_LANGUAGE_STANDARD = gnu17;
				GCC_DYNAMIC_NO_PIC = NO;
				GCC_NO_COMMON_BLOCKS = YES;
				GCC_OPTIMIZATION_LEVEL = 0;
				GCC_PREPROCESSOR_DEFINITIONS = (
					"DEBUG=1",
					"$(inherited)",
				);
				GCC_WARN_64_TO_32_BIT_CONVERSION = YES;
				GCC_WARN_ABOUT_RETURN_TYPE = YES_ERROR;
				GCC_WARN_UNDECLARED_SELECTOR = YES;
				GCC_WARN_UNINITIALIZED_AUTOS = YES_AGGRESSIVE;
				GCC_WARN_UNUSED_FUNCTION = YES;
				GCC_WARN_UNUSED_VARIABLE = YES;
				LOCALIZATION_PREFERS_STRING_CATALOGS = YES;
				MARKETING_VERSION = 1.2;
				MTL_ENABLE_DEBUG_INFO = INCLUDE_SOURCE;
				MTL_FAST_MATH = YES;
				ONLY_ACTIVE_ARCH = YES;
				STRING_CATALOG_GENERATE_SYMBOLS = YES;
				SWIFT_ACTIVE_COMPILATION_CONDITIONS = "DEBUG $(inherited)";
				SWIFT_OPTIMIZATION_LEVEL = "-Onone";
				VERSIONING_SYSTEM = "apple-generic";
			};
			name = Debug;
		};
		37D708392D84384900707EBC /* Release */ = {
			isa = XCBuildConfiguration;
			buildSettings = {
				ALWAYS_SEARCH_USER_PATHS = NO;
				ASSETCATALOG_COMPILER_GENERATE_SWIFT_ASSET_SYMBOL_EXTENSIONS = YES;
				CLANG_ANALYZER_LOCALIZABILITY_NONLOCALIZED = YES;
				CLANG_ANALYZER_NONNULL = YES;
				CLANG_ANALYZER_NUMBER_OBJECT_CONVERSION = YES_AGGRESSIVE;
				CLANG_CXX_LANGUAGE_STANDARD = "gnu++20";
				CLANG_ENABLE_MODULES = YES;
				CLANG_ENABLE_OBJC_ARC = YES;
				CLANG_ENABLE_OBJC_WEAK = YES;
				CLANG_WARN_BLOCK_CAPTURE_AUTORELEASING = YES;
				CLANG_WARN_BOOL_CONVERSION = YES;
				CLANG_WARN_COMMA = YES;
				CLANG_WARN_CONSTANT_CONVERSION = YES;
				CLANG_WARN_DEPRECATED_OBJC_IMPLEMENTATIONS = YES;
				CLANG_WARN_DIRECT_OBJC_ISA_USAGE = YES_ERROR;
				CLANG_WARN_DOCUMENTATION_COMMENTS = YES;
				CLANG_WARN_EMPTY_BODY = YES;
				CLANG_WARN_ENUM_CONVERSION = YES;
				CLANG_WARN_INFINITE_RECURSION = YES;
				CLANG_WARN_INT_CONVERSION = YES;
				CLANG_WARN_NON_LITERAL_NULL_CONVERSION = YES;
				CLANG_WARN_OBJC_IMPLICIT_RETAIN_SELF = YES;
				CLANG_WARN_OBJC_LITERAL_CONVERSION = YES;
				CLANG_WARN_OBJC_ROOT_CLASS = YES_ERROR;
				CLANG_WARN_QUOTED_INCLUDE_IN_FRAMEWORK_HEADER = YES;
				CLANG_WARN_RANGE_LOOP_ANALYSIS = YES;
				CLANG_WARN_STRICT_PROTOTYPES = YES;
				CLANG_WARN_SUSPICIOUS_MOVE = YES;
				CLANG_WARN_UNGUARDED_AVAILABILITY = YES_AGGRESSIVE;
				CLANG_WARN_UNREACHABLE_CODE = YES;
				CLANG_WARN__DUPLICATE_METHOD_MATCH = YES;
				COPY_PHASE_STRIP = NO;
				DEAD_CODE_STRIPPING = YES;
				DEBUG_INFORMATION_FORMAT = "dwarf-with-dsym";
				DEVELOPMENT_TEAM = PZ2HQ4532Q;
				ENABLE_NS_ASSERTIONS = NO;
				ENABLE_STRICT_OBJC_MSGSEND = YES;
				ENABLE_USER_SCRIPT_SANDBOXING = YES;
				GCC_C_LANGUAGE_STANDARD = gnu17;
				GCC_NO_COMMON_BLOCKS = YES;
				GCC_WARN_64_TO_32_BIT_CONVERSION = YES;
				GCC_WARN_ABOUT_RETURN_TYPE = YES_ERROR;
				GCC_WARN_UNDECLARED_SELECTOR = YES;
				GCC_WARN_UNINITIALIZED_AUTOS = YES_AGGRESSIVE;
				GCC_WARN_UNUSED_FUNCTION = YES;
				GCC_WARN_UNUSED_VARIABLE = YES;
				LOCALIZATION_PREFERS_STRING_CATALOGS = YES;
				MARKETING_VERSION = 1.2;
				MTL_ENABLE_DEBUG_INFO = NO;
				MTL_FAST_MATH = YES;
				STRING_CATALOG_GENERATE_SYMBOLS = YES;
				SWIFT_COMPILATION_MODE = wholemodule;
				VERSIONING_SYSTEM = "apple-generic";
			};
			name = Release;
		};
		37D7083B2D84384900707EBC /* Debug */ = {
			isa = XCBuildConfiguration;
			buildSettings = {
				ASSETCATALOG_COMPILER_APPICON_NAME = AppIcon;
				ASSETCATALOG_COMPILER_GLOBAL_ACCENT_COLOR_NAME = AccentColor;
				CODE_SIGN_STYLE = Automatic;
				CURRENT_PROJECT_VERSION = 202512271755;
				DEVELOPMENT_ASSET_PATHS = "\"Swiss News Watch App/Preview Content\"";
				ENABLE_PREVIEWS = YES;
				GENERATE_INFOPLIST_FILE = YES;
				INFOPLIST_KEY_CFBundleDisplayName = "Swiss News";
				INFOPLIST_KEY_UISupportedInterfaceOrientations = "UIInterfaceOrientationPortrait UIInterfaceOrientationPortraitUpsideDown";
				INFOPLIST_KEY_WKWatchOnly = YES;
				LD_RUNPATH_SEARCH_PATHS = (
					"$(inherited)",
					"@executable_path/Frameworks",
				);
				MARKETING_VERSION = "$(MARKETING_VERSION)";
				PRODUCT_BUNDLE_IDENTIFIER = "Scheuber.Swiss-News.watchkitapp";
				PRODUCT_NAME = "$(TARGET_NAME)";
				SDKROOT = watchos;
				SKIP_INSTALL = YES;
				SWIFT_EMIT_LOC_STRINGS = YES;
				SWIFT_VERSION = 5.0;
				TARGETED_DEVICE_FAMILY = 4;
				WATCHOS_DEPLOYMENT_TARGET = 26.0;
			};
			name = Debug;
		};
		37D7083C2D84384900707EBC /* Release */ = {
			isa = XCBuildConfiguration;
			buildSettings = {
				ASSETCATALOG_COMPILER_APPICON_NAME = AppIcon;
				ASSETCATALOG_COMPILER_GLOBAL_ACCENT_COLOR_NAME = AccentColor;
				CODE_SIGN_STYLE = Automatic;
				CURRENT_PROJECT_VERSION = 202512271755;
				DEVELOPMENT_ASSET_PATHS = "\"Swiss News Watch App/Preview Content\"";
				ENABLE_PREVIEWS = YES;
				GENERATE_INFOPLIST_FILE = YES;
				INFOPLIST_KEY_CFBundleDisplayName = "Swiss News";
				INFOPLIST_KEY_UISupportedInterfaceOrientations = "UIInterfaceOrientationPortrait UIInterfaceOrientationPortraitUpsideDown";
				INFOPLIST_KEY_WKWatchOnly = YES;
				LD_RUNPATH_SEARCH_PATHS = (
					"$(inherited)",
					"@executable_path/Frameworks",
				);
				MARKETING_VERSION = "$(MARKETING_VERSION)";
				PRODUCT_BUNDLE_IDENTIFIER = "Scheuber.Swiss-News.watchkitapp";
				PRODUCT_NAME = "$(TARGET_NAME)";
				SDKROOT = watchos;
				SKIP_INSTALL = YES;
				SWIFT_EMIT_LOC_STRINGS = YES;
				SWIFT_VERSION = 5.0;
				TARGETED_DEVICE_FAMILY = 4;
				VALIDATE_PRODUCT = YES;
				WATCHOS_DEPLOYMENT_TARGET = 26.0;
			};
			name = Release;
		};
		37D7083F2D84384900707EBC /* Debug */ = {
			isa = XCBuildConfiguration;
			buildSettings = {
				ASSETCATALOG_COMPILER_GENERATE_ASSET_SYMBOLS = YES;
				CODE_SIGN_IDENTITY = "Apple Development";
				CODE_SIGN_STYLE = Automatic;
				CURRENT_PROJECT_VERSION = 202512271755;
				ENABLE_USER_SCRIPT_SANDBOXING = NO;
				INFOPLIST_KEY_CFBundleDisplayName = "Swiss News";
				IPHONEOS_DEPLOYMENT_TARGET = 26.0;
				MARKETING_VERSION = "$(MARKETING_VERSION)";
				PRODUCT_BUNDLE_IDENTIFIER = "Scheuber.Swiss-News";
				PRODUCT_NAME = "$(TARGET_NAME)";
				PROVISIONING_PROFILE_SPECIFIER = "";
				SDKROOT = iphoneos;
				SUPPORTS_MACCATALYST = NO;
				SUPPORTS_MAC_DESIGNED_FOR_IPHONE_IPAD = NO;
				SWIFT_VERSION = 5.0;
				TARGETED_DEVICE_FAMILY = 1;
			};
			name = Debug;
		};
		37D708402D84384900707EBC /* Release */ = {
			isa = XCBuildConfiguration;
			buildSettings = {
				ASSETCATALOG_COMPILER_GENERATE_ASSET_SYMBOLS = YES;
				CODE_SIGN_IDENTITY = "Apple Development";
				CODE_SIGN_STYLE = Automatic;
				CURRENT_PROJECT_VERSION = 202512271755;
				ENABLE_USER_SCRIPT_SANDBOXING = NO;
				INFOPLIST_KEY_CFBundleDisplayName = "Swiss News";
				IPHONEOS_DEPLOYMENT_TARGET = 26.0;
				MARKETING_VERSION = "$(MARKETING_VERSION)";
				PRODUCT_BUNDLE_IDENTIFIER = "Scheuber.Swiss-News";
				PRODUCT_NAME = "$(TARGET_NAME)";
				PROVISIONING_PROFILE_SPECIFIER = "";
				SDKROOT = iphoneos;
				SUPPORTS_MACCATALYST = NO;
				SUPPORTS_MAC_DESIGNED_FOR_IPHONE_IPAD = NO;
				SWIFT_VERSION = 5.0;
				TARGETED_DEVICE_FAMILY = 1;
				VALIDATE_PRODUCT = YES;
			};
			name = Release;
		};
		37D708422D84384900707EBC /* Debug */ = {
			isa = XCBuildConfiguration;
			buildSettings = {
				BUNDLE_LOADER = "$(TEST_HOST)";
				CODE_SIGN_STYLE = Automatic;
				CURRENT_PROJECT_VERSION = 202512271755;
				GENERATE_INFOPLIST_FILE = YES;
				MARKETING_VERSION = 1.1;
				PRODUCT_BUNDLE_IDENTIFIER = "Scheuber.Swiss-News-Watch-AppTests";
				PRODUCT_NAME = "$(TARGET_NAME)";
				SDKROOT = watchos;
				SWIFT_EMIT_LOC_STRINGS = NO;
				SWIFT_VERSION = 5.0;
				TARGETED_DEVICE_FAMILY = 4;
				TEST_HOST = "$(BUILT_PRODUCTS_DIR)/Swiss News Watch App.app/$(BUNDLE_EXECUTABLE_FOLDER_PATH)/Swiss News Watch App";
				WATCHOS_DEPLOYMENT_TARGET = 11.2;
			};
			name = Debug;
		};
		37D708432D84384900707EBC /* Release */ = {
			isa = XCBuildConfiguration;
			buildSettings = {
				BUNDLE_LOADER = "$(TEST_HOST)";
				CODE_SIGN_STYLE = Automatic;
				CURRENT_PROJECT_VERSION = 202512271755;
				GENERATE_INFOPLIST_FILE = YES;
				MARKETING_VERSION = 1.1;
				PRODUCT_BUNDLE_IDENTIFIER = "Scheuber.Swiss-News-Watch-AppTests";
				PRODUCT_NAME = "$(TARGET_NAME)";
				SDKROOT = watchos;
				SWIFT_EMIT_LOC_STRINGS = NO;
				SWIFT_VERSION = 5.0;
				TARGETED_DEVICE_FAMILY = 4;
				TEST_HOST = "$(BUILT_PRODUCTS_DIR)/Swiss News Watch App.app/$(BUNDLE_EXECUTABLE_FOLDER_PATH)/Swiss News Watch App";
				VALIDATE_PRODUCT = YES;
				WATCHOS_DEPLOYMENT_TARGET = 11.2;
			};
			name = Release;
		};
		37D708452D84384900707EBC /* Debug */ = {
			isa = XCBuildConfiguration;
			buildSettings = {
				CODE_SIGN_STYLE = Automatic;
				CURRENT_PROJECT_VERSION = 202512271755;
				GENERATE_INFOPLIST_FILE = YES;
				MARKETING_VERSION = 1.1;
				PRODUCT_BUNDLE_IDENTIFIER = "Scheuber.Swiss-News-Watch-AppUITests";
				PRODUCT_NAME = "$(TARGET_NAME)";
				SDKROOT = watchos;
				SWIFT_EMIT_LOC_STRINGS = NO;
				SWIFT_VERSION = 5.0;
				TARGETED_DEVICE_FAMILY = 4;
				TEST_TARGET_NAME = "Swiss News Watch App";
				WATCHOS_DEPLOYMENT_TARGET = 11.2;
			};
			name = Debug;
		};
		37D708462D84384900707EBC /* Release */ = {
			isa = XCBuildConfiguration;
			buildSettings = {
				CODE_SIGN_STYLE = Automatic;
				CURRENT_PROJECT_VERSION = 202512271755;
				GENERATE_INFOPLIST_FILE = YES;
				MARKETING_VERSION = 1.1;
				PRODUCT_BUNDLE_IDENTIFIER = "Scheuber.Swiss-News-Watch-AppUITests";
				PRODUCT_NAME = "$(TARGET_NAME)";
				SDKROOT = watchos;
				SWIFT_EMIT_LOC_STRINGS = NO;
				SWIFT_VERSION = 5.0;
				TARGETED_DEVICE_FAMILY = 4;
				TEST_TARGET_NAME = "Swiss News Watch App";
				VALIDATE_PRODUCT = YES;
				WATCHOS_DEPLOYMENT_TARGET = 11.2;
			};
			name = Release;
		};
/* End XCBuildConfiguration section */

/* Begin XCConfigurationList section */
		37D7080B2D84384800707EBC /* Build configuration list for PBXProject "Swiss News" */ = {
			isa = XCConfigurationList;
			buildConfigurations = (
				37D708382D84384900707EBC /* Debug */,
				37D708392D84384900707EBC /* Release */,
			);
			defaultConfigurationIsVisible = 0;
			defaultConfigurationName = Release;
		};
		37D7083A2D84384900707EBC /* Build configuration list for PBXNativeTarget "Swiss News Watch App" */ = {
			isa = XCConfigurationList;
			buildConfigurations = (
				37D7083B2D84384900707EBC /* Debug */,
				37D7083C2D84384900707EBC /* Release */,
			);
			defaultConfigurationIsVisible = 0;
			defaultConfigurationName = Release;
		};
		37D7083E2D84384900707EBC /* Build configuration list for PBXNativeTarget "Swiss News" */ = {
			isa = XCConfigurationList;
			buildConfigurations = (
				37D7083F2D84384900707EBC /* Debug */,
				37D708402D84384900707EBC /* Release */,
			);
			defaultConfigurationIsVisible = 0;
			defaultConfigurationName = Release;
		};
		37D708412D84384900707EBC /* Build configuration list for PBXNativeTarget "Swiss News Watch AppTests" */ = {
			isa = XCConfigurationList;
			buildConfigurations = (
				37D708422D84384900707EBC /* Debug */,
				37D708432D84384900707EBC /* Release */,
			);
			defaultConfigurationIsVisible = 0;
			defaultConfigurationName = Release;
		};
		37D708442D84384900707EBC /* Build configuration list for PBXNativeTarget "Swiss News Watch AppUITests" */ = {
			isa = XCConfigurationList;
			buildConfigurations = (
				37D708452D84384900707EBC /* Debug */,
				37D708462D84384900707EBC /* Release */,
			);
			defaultConfigurationIsVisible = 0;
			defaultConfigurationName = Release;
		};
/* End XCConfigurationList section */

/* Begin XCRemoteSwiftPackageReference section */
		37D708F52D84393200707EBC /* XCRemoteSwiftPackageReference "SwiftSoup" */ = {
			isa = XCRemoteSwiftPackageReference;
			repositoryURL = "https://github.com/scinfu/SwiftSoup.git";
			requirement = {
				kind = upToNextMajorVersion;
				minimumVersion = 2.8.7;
			};
		};
/* End XCRemoteSwiftPackageReference section */

/* Begin XCSwiftPackageProductDependency section */
		37D708F72D8439CD00707EBC /* SwiftSoup */ = {
			isa = XCSwiftPackageProductDependency;
			package = 37D708F52D84393200707EBC /* XCRemoteSwiftPackageReference "SwiftSoup" */;
			productName = SwiftSoup;
		};
/* End XCSwiftPackageProductDependency section */
	};
	rootObject = 37D708082D84384800707EBC /* Project object */;
}
