// !$*UTF8*$!
{
	archiveVersion = 1;
	classes = {
	};
	objectVersion = 77;
	objects = {

/* Begin PBXBuildFile section */
		3745C8842D24009100194BDA /* SRF News Watch App.app in Embed Watch Content */ = {isa = PBXBuildFile; fileRef = 3745C8832D24009100194BDA /* SRF News Watch App.app */; settings = {ATTRIBUTES = (RemoveHeadersOnCopy, ); }; };
/* End PBXBuildFile section */

/* Begin PBXContainerItemProxy section */
		3745C8852D24009100194BDA /* PBXContainerItemProxy */ = {
			isa = PBXContainerItemProxy;
			containerPortal = 3745C8772D24009100194BDA /* Project object */;
			proxyType = 1;
			remoteGlobalIDString = 3745C8822D24009100194BDA;
			remoteInfo = "SRF News Watch App";
		};
		3745C8962D24009200194BDA /* PBXContainerItemProxy */ = {
			isa = PBXContainerItemProxy;
			containerPortal = 3745C8772D24009100194BDA /* Project object */;
			proxyType = 1;
			remoteGlobalIDString = 3745C8822D24009100194BDA;
			remoteInfo = "SRF News Watch App";
		};
		3745C8A02D24009200194BDA /* PBXContainerItemProxy */ = {
			isa = PBXContainerItemProxy;
			containerPortal = 3745C8772D24009100194BDA /* Project object */;
			proxyType = 1;
			remoteGlobalIDString = 3745C8822D24009100194BDA;
			remoteInfo = "SRF News Watch App";
		};
/* End PBXContainerItemProxy section */

/* Begin PBXCopyFilesBuildPhase section */
		3745C8AC2D24009200194BDA /* Embed Watch Content */ = {
			isa = PBXCopyFilesBuildPhase;
			buildActionMask = 2147483647;
			dstPath = "$(CONTENTS_FOLDER_PATH)/Watch";
			dstSubfolderSpec = 16;
			files = (
				3745C8842D24009100194BDA /* SRF News Watch App.app in Embed Watch Content */,
			);
			name = "Embed Watch Content";
			runOnlyForDeploymentPostprocessing = 0;
		};
/* End PBXCopyFilesBuildPhase section */

/* Begin PBXFileReference section */
		3745C87D2D24009100194BDA /* SRF News.app */ = {isa = PBXFileReference; explicitFileType = wrapper.application; includeInIndex = 0; path = "SRF News.app"; sourceTree = BUILT_PRODUCTS_DIR; };
		3745C8832D24009100194BDA /* SRF News Watch App.app */ = {isa = PBXFileReference; explicitFileType = wrapper.application; includeInIndex = 0; path = "SRF News Watch App.app"; sourceTree = BUILT_PRODUCTS_DIR; };
		3745C8952D24009200194BDA /* SRF News Watch AppTests.xctest */ = {isa = PBXFileReference; explicitFileType = wrapper.cfbundle; includeInIndex = 0; path = "SRF News Watch AppTests.xctest"; sourceTree = BUILT_PRODUCTS_DIR; };
		3745C89F2D24009200194BDA /* SRF News Watch AppUITests.xctest */ = {isa = PBXFileReference; explicitFileType = wrapper.cfbundle; includeInIndex = 0; path = "SRF News Watch AppUITests.xctest"; sourceTree = BUILT_PRODUCTS_DIR; };
/* End PBXFileReference section */

/* Begin PBXFileSystemSynchronizedRootGroup section */
		3745C8872D24009100194BDA /* SRF News Watch App */ = {
			isa = PBXFileSystemSynchronizedRootGroup;
			path = "SRF News Watch App";
			sourceTree = "<group>";
		};
		3745C8982D24009200194BDA /* SRF News Watch AppTests */ = {
			isa = PBXFileSystemSynchronizedRootGroup;
			path = "SRF News Watch AppTests";
			sourceTree = "<group>";
		};
		3745C8A22D24009200194BDA /* SRF News Watch AppUITests */ = {
			isa = PBXFileSystemSynchronizedRootGroup;
			path = "SRF News Watch AppUITests";
			sourceTree = "<group>";
		};
/* End PBXFileSystemSynchronizedRootGroup section */

/* Begin PBXFrameworksBuildPhase section */
		3745C8802D24009100194BDA /* Frameworks */ = {
			isa = PBXFrameworksBuildPhase;
			buildActionMask = 2147483647;
			files = (
			);
			runOnlyForDeploymentPostprocessing = 0;
		};
		3745C8922D24009200194BDA /* Frameworks */ = {
			isa = PBXFrameworksBuildPhase;
			buildActionMask = 2147483647;
			files = (
			);
			runOnlyForDeploymentPostprocessing = 0;
		};
		3745C89C2D24009200194BDA /* Frameworks */ = {
			isa = PBXFrameworksBuildPhase;
			buildActionMask = 2147483647;
			files = (
			);
			runOnlyForDeploymentPostprocessing = 0;
		};
/* End PBXFrameworksBuildPhase section */

/* Begin PBXGroup section */
		3745C8762D24009100194BDA = {
			isa = PBXGroup;
			children = (
				3745C8872D24009100194BDA /* SRF News Watch App */,
				3745C8982D24009200194BDA /* SRF News Watch AppTests */,
				3745C8A22D24009200194BDA /* SRF News Watch AppUITests */,
				3745C87E2D24009100194BDA /* Products */,
			);
			sourceTree = "<group>";
		};
		3745C87E2D24009100194BDA /* Products */ = {
			isa = PBXGroup;
			children = (
				3745C87D2D24009100194BDA /* SRF News.app */,
				3745C8832D24009100194BDA /* SRF News Watch App.app */,
				3745C8952D24009200194BDA /* SRF News Watch AppTests.xctest */,
				3745C89F2D24009200194BDA /* SRF News Watch AppUITests.xctest */,
			);
			name = Products;
			sourceTree = "<group>";
		};
/* End PBXGroup section */

/* Begin PBXNativeTarget section */
		3745C87C2D24009100194BDA /* SRF News */ = {
			isa = PBXNativeTarget;
			buildConfigurationList = 3745C8AD2D24009200194BDA /* Build configuration list for PBXNativeTarget "SRF News" */;
			buildPhases = (
				3745C87B2D24009100194BDA /* Resources */,
				3745C8AC2D24009200194BDA /* Embed Watch Content */,
			);
			buildRules = (
			);
			dependencies = (
				3745C8862D24009100194BDA /* PBXTargetDependency */,
			);
			name = "SRF News";
			packageProductDependencies = (
			);
			productName = "SRF News";
			productReference = 3745C87D2D24009100194BDA /* SRF News.app */;
			productType = "com.apple.product-type.application.watchapp2-container";
		};
		3745C8822D24009100194BDA /* SRF News Watch App */ = {
			isa = PBXNativeTarget;
			buildConfigurationList = 3745C8A92D24009200194BDA /* Build configuration list for PBXNativeTarget "SRF News Watch App" */;
			buildPhases = (
				3745C87F2D24009100194BDA /* Sources */,
				3745C8802D24009100194BDA /* Frameworks */,
				3745C8812D24009100194BDA /* Resources */,
			);
			buildRules = (
			);
			dependencies = (
			);
			fileSystemSynchronizedGroups = (
				3745C8872D24009100194BDA /* SRF News Watch App */,
			);
			name = "SRF News Watch App";
			packageProductDependencies = (
			);
			productName = "SRF News Watch App";
			productReference = 3745C8832D24009100194BDA /* SRF News Watch App.app */;
			productType = "com.apple.product-type.application";
		};
		3745C8942D24009200194BDA /* SRF News Watch AppTests */ = {
			isa = PBXNativeTarget;
			buildConfigurationList = 3745C8B02D24009200194BDA /* Build configuration list for PBXNativeTarget "SRF News Watch AppTests" */;
			buildPhases = (
				3745C8912D24009200194BDA /* Sources */,
				3745C8922D24009200194BDA /* Frameworks */,
				3745C8932D24009200194BDA /* Resources */,
			);
			buildRules = (
			);
			dependencies = (
				3745C8972D24009200194BDA /* PBXTargetDependency */,
			);
			fileSystemSynchronizedGroups = (
				3745C8982D24009200194BDA /* SRF News Watch AppTests */,
			);
			name = "SRF News Watch AppTests";
			packageProductDependencies = (
			);
			productName = "SRF News Watch AppTests";
			productReference = 3745C8952D24009200194BDA /* SRF News Watch AppTests.xctest */;
			productType = "com.apple.product-type.bundle.unit-test";
		};
		3745C89E2D24009200194BDA /* SRF News Watch AppUITests */ = {
			isa = PBXNativeTarget;
			buildConfigurationList = 3745C8B32D24009200194BDA /* Build configuration list for PBXNativeTarget "SRF News Watch AppUITests" */;
			buildPhases = (
				3745C89B2D24009200194BDA /* Sources */,
				3745C89C2D24009200194BDA /* Frameworks */,
				3745C89D2D24009200194BDA /* Resources */,
			);
			buildRules = (
			);
			dependencies = (
				3745C8A12D24009200194BDA /* PBXTargetDependency */,
			);
			fileSystemSynchronizedGroups = (
				3745C8A22D24009200194BDA /* SRF News Watch AppUITests */,
			);
			name = "SRF News Watch AppUITests";
			packageProductDependencies = (
			);
			productName = "SRF News Watch AppUITests";
			productReference = 3745C89F2D24009200194BDA /* SRF News Watch AppUITests.xctest */;
			productType = "com.apple.product-type.bundle.ui-testing";
		};
/* End PBXNativeTarget section */

/* Begin PBXProject section */
		3745C8772D24009100194BDA /* Project object */ = {
			isa = PBXProject;
			attributes = {
				BuildIndependentTargetsInParallel = 1;
				LastSwiftUpdateCheck = 1620;
				LastUpgradeCheck = 1620;
				TargetAttributes = {
					3745C87C2D24009100194BDA = {
						CreatedOnToolsVersion = 16.2;
					};
					3745C8822D24009100194BDA = {
						CreatedOnToolsVersion = 16.2;
					};
					3745C8942D24009200194BDA = {
						CreatedOnToolsVersion = 16.2;
						TestTargetID = 3745C8822D24009100194BDA;
					};
					3745C89E2D24009200194BDA = {
						CreatedOnToolsVersion = 16.2;
						TestTargetID = 3745C8822D24009100194BDA;
					};
				};
			};
			buildConfigurationList = 3745C87A2D24009100194BDA /* Build configuration list for PBXProject "SRF News" */;
			developmentRegion = en;
			hasScannedForEncodings = 0;
			knownRegions = (
				en,
				Base,
			);
			mainGroup = 3745C8762D24009100194BDA;
			minimizedProjectReferenceProxies = 1;
			preferredProjectObjectVersion = 77;
			productRefGroup = 3745C87E2D24009100194BDA /* Products */;
			projectDirPath = "";
			projectRoot = "";
			targets = (
				3745C87C2D24009100194BDA /* SRF News */,
				3745C8822D24009100194BDA /* SRF News Watch App */,
				3745C8942D24009200194BDA /* SRF News Watch AppTests */,
				3745C89E2D24009200194BDA /* SRF News Watch AppUITests */,
			);
		};
/* End PBXProject section */

/* Begin PBXResourcesBuildPhase section */
		3745C87B2D24009100194BDA /* Resources */ = {
			isa = PBXResourcesBuildPhase;
			buildActionMask = 2147483647;
			files = (
			);
			runOnlyForDeploymentPostprocessing = 0;
		};
		3745C8812D24009100194BDA /* Resources */ = {
			isa = PBXResourcesBuildPhase;
			buildActionMask = 2147483647;
			files = (
			);
			runOnlyForDeploymentPostprocessing = 0;
		};
		3745C8932D24009200194BDA /* Resources */ = {
			isa = PBXResourcesBuildPhase;
			buildActionMask = 2147483647;
			files = (
			);
			runOnlyForDeploymentPostprocessing = 0;
		};
		3745C89D2D24009200194BDA /* Resources */ = {
			isa = PBXResourcesBuildPhase;
			buildActionMask = 2147483647;
			files = (
			);
			runOnlyForDeploymentPostprocessing = 0;
		};
/* End PBXResourcesBuildPhase section */

/* Begin PBXSourcesBuildPhase section */
		3745C87F2D24009100194BDA /* Sources */ = {
			isa = PBXSourcesBuildPhase;
			buildActionMask = 2147483647;
			files = (
			);
			runOnlyForDeploymentPostprocessing = 0;
		};
		3745C8912D24009200194BDA /* Sources */ = {
			isa = PBXSourcesBuildPhase;
			buildActionMask = 2147483647;
			files = (
			);
			runOnlyForDeploymentPostprocessing = 0;
		};
		3745C89B2D24009200194BDA /* Sources */ = {
			isa = PBXSourcesBuildPhase;
			buildActionMask = 2147483647;
			files = (
			);
			runOnlyForDeploymentPostprocessing = 0;
		};
/* End PBXSourcesBuildPhase section */

/* Begin PBXTargetDependency section */
		3745C8862D24009100194BDA /* PBXTargetDependency */ = {
			isa = PBXTargetDependency;
			target = 3745C8822D24009100194BDA /* SRF News Watch App */;
			targetProxy = 3745C8852D24009100194BDA /* PBXContainerItemProxy */;
		};
		3745C8972D24009200194BDA /* PBXTargetDependency */ = {
			isa = PBXTargetDependency;
			target = 3745C8822D24009100194BDA /* SRF News Watch App */;
			targetProxy = 3745C8962D24009200194BDA /* PBXContainerItemProxy */;
		};
		3745C8A12D24009200194BDA /* PBXTargetDependency */ = {
			isa = PBXTargetDependency;
			target = 3745C8822D24009100194BDA /* SRF News Watch App */;
			targetProxy = 3745C8A02D24009200194BDA /* PBXContainerItemProxy */;
		};
/* End PBXTargetDependency section */

/* Begin XCBuildConfiguration section */
		3745C8A72D24009200194BDA /* Debug */ = {
			isa = XCBuildConfiguration;
			buildSettings = {
				ALWAYS_SEARCH_USER_PATHS = NO;
				ASSETCATALOG_COMPILER_GENERATE_SWIFT_ASSET_SYMBOL_EXTENSIONS = YES;
				CLANG_ANALYZER_NONNULL = YES;
				CLANG_ANALYZER_NUMBER_OBJECT_CONVERSION = YES_AGGRESSIVE;
				CLANG_CXX_LANGUAGE_STANDARD = "gnu++20";
				CLANG_ENABLE_MODULES = YES;
				CLANG_ENABLE_OBJC_ARC = YES;
				CLANG_ENABLE_OBJC_WEAK = YES;
				CLANG_WARN_BLOCK_CAPTURE_AUTORELEASING = YES;
				CLANG_WARN_BOOL_CONVERSION = YES;
				CLANG_WARN_COMMA = YES;
				CLANG_WARN_CONSTANT_CONVERSION = YES;
				CLANG_WARN_DEPRECATED_OBJC_IMPLEMENTATIONS = YES;
				CLANG_WARN_DIRECT_OBJC_ISA_USAGE = YES_ERROR;
				CLANG_WARN_DOCUMENTATION_COMMENTS = YES;
				CLANG_WARN_EMPTY_BODY = YES;
				CLANG_WARN_ENUM_CONVERSION = YES;
				CLANG_WARN_INFINITE_RECURSION = YES;
				CLANG_WARN_INT_CONVERSION = YES;
				CLANG_WARN_NON_LITERAL_NULL_CONVERSION = YES;
				CLANG_WARN_OBJC_IMPLICIT_RETAIN_SELF = YES;
				CLANG_WARN_OBJC_LITERAL_CONVERSION = YES;
				CLANG_WARN_OBJC_ROOT_CLASS = YES_ERROR;
				CLANG_WARN_QUOTED_INCLUDE_IN_FRAMEWORK_HEADER = YES;
				CLANG_WARN_RANGE_LOOP_ANALYSIS = YES;
				CLANG_WARN_STRICT_PROTOTYPES = YES;
				CLANG_WARN_SUSPICIOUS_MOVE = YES;
				CLANG_WARN_UNGUARDED_AVAILABILITY = YES_AGGRESSIVE;
				CLANG_WARN_UNREACHABLE_CODE = YES;
				CLANG_WARN__DUPLICATE_METHOD_MATCH = YES;
				COPY_PHASE_STRIP = NO;
				DEBUG_INFORMATION_FORMAT = dwarf;
				ENABLE_STRICT_OBJC_MSGSEND = YES;
				ENABLE_TESTABILITY = YES;
				ENABLE_USER_SCRIPT_SANDBOXING = YES;
				GCC_C_LANGUAGE_STANDARD = gnu17;
				GCC_DYNAMIC_NO_PIC = NO;
				GCC_NO_COMMON_BLOCKS = YES;
				GCC_OPTIMIZATION_LEVEL = 0;
				GCC_PREPROCESSOR_DEFINITIONS = (
					"DEBUG=1",
					"$(inherited)",
				);
				GCC_WARN_64_TO_32_BIT_CONVERSION = YES;
				GCC_WARN_ABOUT_RETURN_TYPE = YES_ERROR;
				GCC_WARN_UNDECLARED_SELECTOR = YES;
				GCC_WARN_UNINITIALIZED_AUTOS = YES_AGGRESSIVE;
				GCC_WARN_UNUSED_FUNCTION = YES;
				GCC_WARN_UNUSED_VARIABLE = YES;
				LOCALIZATION_PREFERS_STRING_CATALOGS = YES;
				MTL_ENABLE_DEBUG_INFO = INCLUDE_SOURCE;
				MTL_FAST_MATH = YES;
				ONLY_ACTIVE_ARCH = YES;
				SWIFT_ACTIVE_COMPILATION_CONDITIONS = "DEBUG $(inherited)";
				SWIFT_OPTIMIZATION_LEVEL = "-Onone";
			};
			name = Debug;
		};
		3745C8A82D24009200194BDA /* Release */ = {
			isa = XCBuildConfiguration;
			buildSettings = {
				ALWAYS_SEARCH_USER_PATHS = NO;
				ASSETCATALOG_COMPILER_GENERATE_SWIFT_ASSET_SYMBOL_EXTENSIONS = YES;
				CLANG_ANALYZER_NONNULL = YES;
				CLANG_ANALYZER_NUMBER_OBJECT_CONVERSION = YES_AGGRESSIVE;
				CLANG_CXX_LANGUAGE_STANDARD = "gnu++20";
				CLANG_ENABLE_MODULES = YES;
				CLANG_ENABLE_OBJC_ARC = YES;
				CLANG_ENABLE_OBJC_WEAK = YES;
				CLANG_WARN_BLOCK_CAPTURE_AUTORELEASING = YES;
				CLANG_WARN_BOOL_CONVERSION = YES;
				CLANG_WARN_COMMA = YES;
				CLANG_WARN_CONSTANT_CONVERSION = YES;
				CLANG_WARN_DEPRECATED_OBJC_IMPLEMENTATIONS = YES;
				CLANG_WARN_DIRECT_OBJC_ISA_USAGE = YES_ERROR;
				CLANG_WARN_DOCUMENTATION_COMMENTS = YES;
				CLANG_WARN_EMPTY_BODY = YES;
				CLANG_WARN_ENUM_CONVERSION = YES;
				CLANG_WARN_INFINITE_RECURSION = YES;
				CLANG_WARN_INT_CONVERSION = YES;
				CLANG_WARN_NON_LITERAL_NULL_CONVERSION = YES;
				CLANG_WARN_OBJC_IMPLICIT_RETAIN_SELF = YES;
				CLANG_WARN_OBJC_LITERAL_CONVERSION = YES;
				CLANG_WARN_OBJC_ROOT_CLASS = YES_ERROR;
				CLANG_WARN_QUOTED_INCLUDE_IN_FRAMEWORK_HEADER = YES;
				CLANG_WARN_RANGE_LOOP_ANALYSIS = YES;
				CLANG_WARN_STRICT_PROTOTYPES = YES;
				CLANG_WARN_SUSPICIOUS_MOVE = YES;
				CLANG_WARN_UNGUARDED_AVAILABILITY = YES_AGGRESSIVE;
				CLANG_WARN_UNREACHABLE_CODE = YES;
				CLANG_WARN__DUPLICATE_METHOD_MATCH = YES;
				COPY_PHASE_STRIP = NO;
				DEBUG_INFORMATION_FORMAT = "dwarf-with-dsym";
				ENABLE_NS_ASSERTIONS = NO;
				ENABLE_STRICT_OBJC_MSGSEND = YES;
				ENABLE_USER_SCRIPT_SANDBOXING = YES;
				GCC_C_LANGUAGE_STANDARD = gnu17;
				GCC_NO_COMMON_BLOCKS = YES;
				GCC_WARN_64_TO_32_BIT_CONVERSION = YES;
				GCC_WARN_ABOUT_RETURN_TYPE = YES_ERROR;
				GCC_WARN_UNDECLARED_SELECTOR = YES;
				GCC_WARN_UNINITIALIZED_AUTOS = YES_AGGRESSIVE;
				GCC_WARN_UNUSED_FUNCTION = YES;
				GCC_WARN_UNUSED_VARIABLE = YES;
				LOCALIZATION_PREFERS_STRING_CATALOGS = YES;
				MTL_ENABLE_DEBUG_INFO = NO;
				MTL_FAST_MATH = YES;
				SWIFT_COMPILATION_MODE = wholemodule;
			};
			name = Release;
		};
		3745C8AA2D24009200194BDA /* Debug */ = {
			isa = XCBuildConfiguration;
			buildSettings = {
				ASSETCATALOG_COMPILER_APPICON_NAME = AppIcon;
				ASSETCATALOG_COMPILER_GLOBAL_ACCENT_COLOR_NAME = AccentColor;
				CODE_SIGN_STYLE = Automatic;
				CURRENT_PROJECT_VERSION = 1;
				DEVELOPMENT_ASSET_PATHS = "\"SRF News Watch App/Preview Content\"";
				DEVELOPMENT_LANGUAGE = de;
				DEVELOPMENT_TEAM = PZ2HQ4532Q;
				ENABLE_PREVIEWS = YES;
				GENERATE_INFOPLIST_FILE = YES;
				INFOPLIST_FILE = "SRF-News-Watch-App-Info.plist";
				INFOPLIST_KEY_CFBundleDisplayName = "SRF News";
				INFOPLIST_KEY_NSAppTransportSecurity_NSAllowsArbitraryLoads = YES;
				INFOPLIST_KEY_NSPasteboardUsageDescription = "This app does not use the pasteboard.";
				INFOPLIST_KEY_UISupportedInterfaceOrientations = "UIInterfaceOrientationPortrait UIInterfaceOrientationPortraitUpsideDown";
				INFOPLIST_KEY_WKWatchOnly = YES;
				LD_RUNPATH_SEARCH_PATHS = (
					"$(inherited)",
					"@executable_path/Frameworks",
				);
				MARKETING_VERSION = 0.1;
				PRODUCT_BUNDLE_IDENTIFIER = "Scheuber.SRF-News.watchkitapp";
				PRODUCT_NAME = "$(TARGET_NAME)";
				SDKROOT = watchos;
				SKIP_INSTALL = YES;
				SWIFT_EMIT_LOC_STRINGS = YES;
				SWIFT_VERSION = 5.0;
				TARGETED_DEVICE_FAMILY = 4;
				WATCHOS_DEPLOYMENT_TARGET = 11.2;
			};
			name = Debug;
		};
		3745C8AB2D24009200194BDA /* Release */ = {
			isa = XCBuildConfiguration;
			buildSettings = {
				ASSETCATALOG_COMPILER_APPICON_NAME = AppIcon;
				ASSETCATALOG_COMPILER_GLOBAL_ACCENT_COLOR_NAME = AccentColor;
				CODE_SIGN_STYLE = Automatic;
				CURRENT_PROJECT_VERSION = 1;
				DEVELOPMENT_ASSET_PATHS = "\"SRF News Watch App/Preview Content\"";
				DEVELOPMENT_TEAM = PZ2HQ4532Q;
				ENABLE_PREVIEWS = YES;
				GENERATE_INFOPLIST_FILE = YES;
				INFOPLIST_FILE = "SRF-News-Watch-App-Info.plist";
				INFOPLIST_KEY_CFBundleDisplayName = "SRF News";
				INFOPLIST_KEY_NSAppTransportSecurity_NSAllowsArbitraryLoads = YES;
				INFOPLIST_KEY_NSPasteboardUsageDescription = "This app does not use the pasteboard.";
				INFOPLIST_KEY_UISupportedInterfaceOrientations = "UIInterfaceOrientationPortrait UIInterfaceOrientationPortraitUpsideDown";
				INFOPLIST_KEY_WKWatchOnly = YES;
				LD_RUNPATH_SEARCH_PATHS = (
					"$(inherited)",
					"@executable_path/Frameworks",
				);
				MARKETING_VERSION = 0.1;
				PRODUCT_BUNDLE_IDENTIFIER = "Scheuber.SRF-News.watchkitapp";
				PRODUCT_NAME = "$(TARGET_NAME)";
				SDKROOT = watchos;
				SKIP_INSTALL = YES;
				SWIFT_EMIT_LOC_STRINGS = YES;
				SWIFT_VERSION = 5.0;
				TARGETED_DEVICE_FAMILY = 4;
				VALIDATE_PRODUCT = YES;
				WATCHOS_DEPLOYMENT_TARGET = 11.2;
			};
			name = Release;
		};
		3745C8AE2D24009200194BDA /* Debug */ = {
			isa = XCBuildConfiguration;
			buildSettings = {
				CODE_SIGN_STYLE = Automatic;
				CURRENT_PROJECT_VERSION = 1;
				DEVELOPMENT_TEAM = PZ2HQ4532Q;
				INFOPLIST_KEY_CFBundleDisplayName = "SRF News";
				MARKETING_VERSION = 0.1;
				PRODUCT_BUNDLE_IDENTIFIER = "Scheuber.SRF-News";
				PRODUCT_NAME = "$(TARGET_NAME)";
				SDKROOT = iphoneos;
				SWIFT_VERSION = 5.0;
			};
			name = Debug;
		};
		3745C8AF2D24009200194BDA /* Release */ = {
			isa = XCBuildConfiguration;
			buildSettings = {
				CODE_SIGN_STYLE = Automatic;
				CURRENT_PROJECT_VERSION = 1;
				DEVELOPMENT_TEAM = PZ2HQ4532Q;
				INFOPLIST_KEY_CFBundleDisplayName = "SRF News";
				MARKETING_VERSION = 0.1;
				PRODUCT_BUNDLE_IDENTIFIER = "Scheuber.SRF-News";
				PRODUCT_NAME = "$(TARGET_NAME)";
				SDKROOT = iphoneos;
				SWIFT_VERSION = 5.0;
				VALIDATE_PRODUCT = YES;
			};
			name = Release;
		};
		3745C8B12D24009200194BDA /* Debug */ = {
			isa = XCBuildConfiguration;
			buildSettings = {
				BUNDLE_LOADER = "$(TEST_HOST)";
				CODE_SIGN_STYLE = Automatic;
				CURRENT_PROJECT_VERSION = 1;
				DEVELOPMENT_TEAM = PZ2HQ4532Q;
				GENERATE_INFOPLIST_FILE = YES;
				MARKETING_VERSION = 1.0;
				PRODUCT_BUNDLE_IDENTIFIER = "Scheuber.SRF-News-Watch-AppTests";
				PRODUCT_NAME = "$(TARGET_NAME)";
				SDKROOT = watchos;
				SWIFT_EMIT_LOC_STRINGS = NO;
				SWIFT_VERSION = 5.0;
				TARGETED_DEVICE_FAMILY = 4;
				TEST_HOST = "$(BUILT_PRODUCTS_DIR)/SRF News Watch App.app/$(BUNDLE_EXECUTABLE_FOLDER_PATH)/SRF News Watch App";
				WATCHOS_DEPLOYMENT_TARGET = 11.2;
			};
			name = Debug;
		};
		3745C8B22D24009200194BDA /* Release */ = {
			isa = XCBuildConfiguration;
			buildSettings = {
				BUNDLE_LOADER = "$(TEST_HOST)";
				CODE_SIGN_STYLE = Automatic;
				CURRENT_PROJECT_VERSION = 1;
				DEVELOPMENT_TEAM = PZ2HQ4532Q;
				GENERATE_INFOPLIST_FILE = YES;
				MARKETING_VERSION = 1.0;
				PRODUCT_BUNDLE_IDENTIFIER = "Scheuber.SRF-News-Watch-AppTests";
				PRODUCT_NAME = "$(TARGET_NAME)";
				SDKROOT = watchos;
				SWIFT_EMIT_LOC_STRINGS = NO;
				SWIFT_VERSION = 5.0;
				TARGETED_DEVICE_FAMILY = 4;
				TEST_HOST = "$(BUILT_PRODUCTS_DIR)/SRF News Watch App.app/$(BUNDLE_EXECUTABLE_FOLDER_PATH)/SRF News Watch App";
				VALIDATE_PRODUCT = YES;
				WATCHOS_DEPLOYMENT_TARGET = 11.2;
			};
			name = Release;
		};
		3745C8B42D24009200194BDA /* Debug */ = {
			isa = XCBuildConfiguration;
			buildSettings = {
				CODE_SIGN_STYLE = Automatic;
				CURRENT_PROJECT_VERSION = 1;
				DEVELOPMENT_TEAM = PZ2HQ4532Q;
				GENERATE_INFOPLIST_FILE = YES;
				MARKETING_VERSION = 1.0;
				PRODUCT_BUNDLE_IDENTIFIER = "Scheuber.SRF-News-Watch-AppUITests";
				PRODUCT_NAME = "$(TARGET_NAME)";
				SDKROOT = watchos;
				SWIFT_EMIT_LOC_STRINGS = NO;
				SWIFT_VERSION = 5.0;
				TARGETED_DEVICE_FAMILY = 4;
				TEST_TARGET_NAME = "SRF News Watch App";
				WATCHOS_DEPLOYMENT_TARGET = 11.2;
			};
			name = Debug;
		};
		3745C8B52D24009200194BDA /* Release */ = {
			isa = XCBuildConfiguration;
			buildSettings = {
				CODE_SIGN_STYLE = Automatic;
				CURRENT_PROJECT_VERSION = 1;
				DEVELOPMENT_TEAM = PZ2HQ4532Q;
				GENERATE_INFOPLIST_FILE = YES;
				MARKETING_VERSION = 1.0;
				PRODUCT_BUNDLE_IDENTIFIER = "Scheuber.SRF-News-Watch-AppUITests";
				PRODUCT_NAME = "$(TARGET_NAME)";
				SDKROOT = watchos;
				SWIFT_EMIT_LOC_STRINGS = NO;
				SWIFT_VERSION = 5.0;
				TARGETED_DEVICE_FAMILY = 4;
				TEST_TARGET_NAME = "SRF News Watch App";
				VALIDATE_PRODUCT = YES;
				WATCHOS_DEPLOYMENT_TARGET = 11.2;
			};
			name = Release;
		};
/* End XCBuildConfiguration section */

/* Begin XCConfigurationList section */
		3745C87A2D24009100194BDA /* Build configuration list for PBXProject "SRF News" */ = {
			isa = XCConfigurationList;
			buildConfigurations = (
				3745C8A72D24009200194BDA /* Debug */,
				3745C8A82D24009200194BDA /* Release */,
			);
			defaultConfigurationIsVisible = 0;
			defaultConfigurationName = Release;
		};
		3745C8A92D24009200194BDA /* Build configuration list for PBXNativeTarget "SRF News Watch App" */ = {
			isa = XCConfigurationList;
			buildConfigurations = (
				3745C8AA2D24009200194BDA /* Debug */,
				3745C8AB2D24009200194BDA /* Release */,
			);
			defaultConfigurationIsVisible = 0;
			defaultConfigurationName = Release;
		};
		3745C8AD2D24009200194BDA /* Build configuration list for PBXNativeTarget "SRF News" */ = {
			isa = XCConfigurationList;
			buildConfigurations = (
				3745C8AE2D24009200194BDA /* Debug */,
				3745C8AF2D24009200194BDA /* Release */,
			);
			defaultConfigurationIsVisible = 0;
			defaultConfigurationName = Release;
		};
		3745C8B02D24009200194BDA /* Build configuration list for PBXNativeTarget "SRF News Watch AppTests" */ = {
			isa = XCConfigurationList;
			buildConfigurations = (
				3745C8B12D24009200194BDA /* Debug */,
				3745C8B22D24009200194BDA /* Release */,
			);
			defaultConfigurationIsVisible = 0;
			defaultConfigurationName = Release;
		};
		3745C8B32D24009200194BDA /* Build configuration list for PBXNativeTarget "SRF News Watch AppUITests" */ = {
			isa = XCConfigurationList;
			buildConfigurations = (
				3745C8B42D24009200194BDA /* Debug */,
				3745C8B52D24009200194BDA /* Release */,
			);
			defaultConfigurationIsVisible = 0;
			defaultConfigurationName = Release;
		};
/* End XCConfigurationList section */
	};
	rootObject = 3745C8772D24009100194BDA /* Project object */;
}
